
Microsoft Visual Studio Solution File, Format Version 12.00
# Visual Studio 15
VisualStudioVersion = 15.0.28307.572
MinimumVisualStudioVersion = 10.0.40219.1
Project("{2150E333-8FDC-42A3-9474-1A3956D46DE8}") = "misc", "misc", "{0080EF1F-A652-4498-BE59-F3FFFB3F33B2}"
	ProjectSection(SolutionItems) = preProject
		.gitignore = .gitignore
		LICENSE = LICENSE
		README.md = README.md
	EndProjectSection
EndProject
Project("{9A19103F-16F7-4668-BE54-9A1E7A4F7556}") = "magic.lambda.strings", "magic.lambda.strings\magic.lambda.strings.csproj", "{2A351C54-7D8B-43B4-8881-74827F2FF22D}"
EndProject
Project("{9A19103F-16F7-4668-BE54-9A1E7A4F7556}") = "magic.lambda.strings.tests", "magic.lambda.strings.tests\magic.lambda.strings.tests.csproj", "{F458AF39-9AA9-4373-80D7-A3A6D16ABF71}"
EndProject
Global
	GlobalSection(SolutionConfigurationPlatforms) = preSolution
		Debug|Any CPU = Debug|Any CPU
		Release|Any CPU = Release|Any CPU
	EndGlobalSection
	GlobalSection(ProjectConfigurationPlatforms) = postSolution
		{2A351C54-7D8B-43B4-8881-74827F2FF22D}.Debug|Any CPU.ActiveCfg = Debug|Any CPU
		{2A351C54-7D8B-43B4-8881-74827F2FF22D}.Debug|Any CPU.Build.0 = Debug|Any CPU
		{2A351C54-7D8B-43B4-8881-74827F2FF22D}.Release|Any CPU.ActiveCfg = Release|Any CPU
		{2A351C54-7D8B-43B4-8881-74827F2FF22D}.Release|Any CPU.Build.0 = Release|Any CPU
		{F458AF39-9AA9-4373-80D7-A3A6D16ABF71}.Debug|Any CPU.ActiveCfg = Debug|Any CPU
		{F458AF39-9AA9-4373-80D7-A3A6D16ABF71}.Debug|Any CPU.Build.0 = Debug|Any CPU
		{F458AF39-9AA9-4373-80D7-A3A6D16ABF71}.Release|Any CPU.ActiveCfg = Release|Any CPU
		{F458AF39-9AA9-4373-80D7-A3A6D16ABF71}.Release|Any CPU.Build.0 = Release|Any CPU
	EndGlobalSection
	GlobalSection(SolutionProperties) = preSolution
		HideSolutionNode = FALSE
	EndGlobalSection
	GlobalSection(ExtensibilityGlobals) = postSolution
		SolutionGuid = {18E376B1-F1C9-4704-9226-FF4DE470A0D1}
	EndGlobalSection
EndGlobal
